{
  "lockfileVersion": 1,
  "workspaces": {
    "": {
      "name": "standard_lib",
      "dependencies": {
        "@tokyo/reliq": "npm:@jsr/tokyo__reliq@0.0.2",
        "solion": "1.0.1",
      },
      "devDependencies": {
        "@types/bun": "latest",
      },
      "peerDependencies": {
        "typescript": "^5.0.0",
      },
    },
  },
  "packages": {
    "@tokyo/reliq": ["@jsr/tokyo__reliq@0.0.2", "https://npm.jsr.io/~/11/@jsr/tokyo__reliq/0.0.2.tgz", {}, "sha512-pxWmWzFqGUBMHe2gMQyXlDIeGhp1oKhvvHcZWNKQtN/19qVWFhkK3MkagDk9Tlqa5Dq6PJaOThNNsDzRhRjeBw=="],

    "@types/bun": ["@types/bun@1.2.2", "", { "dependencies": { "bun-types": "1.2.2" } }, "sha512-tr74gdku+AEDN5ergNiBnplr7hpDp3V1h7fqI2GcR/rsUaM39jpSeKH0TFibRvU0KwniRx5POgaYnaXbk0hU+w=="],

    "@types/node": ["@types/node@22.13.1", "", { "dependencies": { "undici-types": "~6.20.0" } }, "sha512-jK8uzQlrvXqEU91UxiK5J7pKHyzgnI1Qnl0QDHIgVGuolJhRb9EEl28Cj9b3rGR8B2lhFCtvIm5os8lFnO/1Ew=="],

    "@types/ws": ["@types/ws@8.5.14", "", { "dependencies": { "@types/node": "*" } }, "sha512-bd/YFLW+URhBzMXurx7lWByOu+xzU9+kb3RboOteXYDfW+tr+JZa99OyNmPINEGB/ahzKrEuc8rcv4gnpJmxTw=="],

    "bun-types": ["bun-types@1.2.2", "", { "dependencies": { "@types/node": "*", "@types/ws": "~8.5.10" } }, "sha512-RCbMH5elr9gjgDGDhkTTugA21XtJAy/9jkKe/G3WR2q17VPGhcquf9Sir6uay9iW+7P/BV0CAHA1XlHXMAVKHg=="],

    "command-exists": ["command-exists@1.2.9", "", {}, "sha512-LTQ/SGc+s0Xc0Fu5WaKnR0YiygZkm9eKFvyS+fRsU7/ZWFF8ykFM6Pc9aCVf1+xasOOZpO3BAVgVrKvsqKHV7w=="],

    "commander": ["commander@8.3.0", "", {}, "sha512-OkTL9umf+He2DZkUq8f8J9of7yL6RJKI24dVITBmNfZBmri9zYZQrKkuXiKhyfPSu8tUhnVBB1iKXevvnlR4Ww=="],

    "dappnet": ["dappnet@0.2.5", "", { "peerDependencies": { "typescript": "^5.0.0" } }, "sha512-Bfo2AqxJyGyPU9WJjfjaHsPJwkYLR5CReg6LFdLKBvcmaPEg7POkx1gi7OVYiGD4YJMEffo067scspHMHN1FLA=="],

    "follow-redirects": ["follow-redirects@1.15.9", "", {}, "sha512-gew4GsXizNgdoRyqmyfMHyAmXsZDk6mHkSxZFCzW9gwlbtOW44CDtYavM+y+72qD/Vq2l550kMF52DT8fOLJqQ=="],

    "js-sha3": ["js-sha3@0.8.0", "", {}, "sha512-gF1cRrHhIzNfToc802P800N8PpXS+evLLXfsVpowqmAFR9uwbi89WvXg2QspOmXL8QL86J4T1EpFu+yUkwJY3Q=="],

    "memorystream": ["memorystream@0.3.1", "", {}, "sha512-S3UwM3yj5mtUSEfP41UZmt/0SCoVYUcU1rkXv+BQ5Ig8ndL4sPoJNBUJERafdPb5jjHJGuMgytgKvKIf58XNBw=="],

    "os-tmpdir": ["os-tmpdir@1.0.2", "", {}, "sha512-D2FR03Vir7FIu45XBY20mTb+/ZSWB00sjU9jdQXt83gDrI4Ztz5Fs7/yy74g2N5SVQY4xY1qDr4rNddwYRVX0g=="],

    "reliq": ["reliq@1.2.2", "", { "peerDependencies": { "typescript": "5.7.2" } }, "sha512-hbrHfdOjUUh/ZbZHGU4So3i4hHsAlIQFqnfhq/vZlBya8A0yXNyeMAM1vOYwgvyKmCU0n3TyAiV4dix1sut7cA=="],

    "semver": ["semver@5.7.2", "", { "bin": { "semver": "bin/semver" } }, "sha512-cBznnQ9KjJqU67B52RMC65CMarK2600WFnbkcaiwWq3xy/5haFJlshgnpjovMVJ+Hff49d8GEn0b87C5pDQ10g=="],

    "solc": ["solc@0.8.28", "", { "dependencies": { "command-exists": "^1.2.8", "commander": "^8.1.0", "follow-redirects": "^1.12.1", "js-sha3": "0.8.0", "memorystream": "^0.3.1", "semver": "^5.5.0", "tmp": "0.0.33" }, "bin": { "solcjs": "solc.js" } }, "sha512-AFCiJ+b4RosyyNhnfdVH4ZR1+TxiL91iluPjw0EJslIu4LXGM9NYqi2z5y8TqochC4tcH9QsHfwWhOIC9jPDKA=="],

    "solion": ["solion@1.0.1", "", { "dependencies": { "dappnet": "0.2.5", "reliq": "1.2.2", "solc": "0.8.28" }, "peerDependencies": { "typescript": "5.0.0" } }, "sha512-guB/RHQdWgmhaUXvsV7MVJGMppv9/OOBFmklCBSklp8K2cBgX5kJDJywIul2007MZ0cJ+FZWZ1GMh0z7YjyzrA=="],

    "tmp": ["tmp@0.0.33", "", { "dependencies": { "os-tmpdir": "~1.0.2" } }, "sha512-jRCJlojKnZ3addtTOjdIqoRuPEKBvNXcGYqzO6zWZX8KfKEpnGY5jfggJQ3EjKuu8D4bJRr0y+cYJFmYbImXGw=="],

    "typescript": ["typescript@5.7.3", "", { "bin": { "tsc": "bin/tsc", "tsserver": "bin/tsserver" } }, "sha512-84MVSjMEHP+FQRPy3pX9sTVV/INIex71s9TL2Gm5FG/WG1SqXeKyZ0k7/blY/4FdOzI12CBy1vGc4og/eus0fw=="],

    "undici-types": ["undici-types@6.20.0", "", {}, "sha512-Ny6QZ2Nju20vw1SRHe3d9jVu6gJ+4e3+MMpqu7pqE5HT6WsTSlce++GQmK5UXS8mzV8DSYHrQH+Xrf2jVcuKNg=="],
  }
}
